
Microsoft Visual Studio Solution File, Format Version 12.00
# Visual Studio Version 16
VisualStudioVersion = 16.0.29613.14
MinimumVisualStudioVersion = 10.0.40219.1
Project("{FAE04EC0-301F-11D3-BF4B-00C04F79EFBC}") = "ConsoleApp10", "ConsoleApp10.csproj", "{D745497C-AFF4-4147-A523-76CD6B943885}"
EndProject
Global
	GlobalSection(SolutionConfigurationPlatforms) = preSolution
		Debug|Any CPU = Debug|Any CPU
		Release|Any CPU = Release|Any CPU
	EndGlobalSection
	GlobalSection(ProjectConfigurationPlatforms) = postSolution
		{D745497C-AFF4-4147-A523-76CD6B943885}.Debug|Any CPU.ActiveCfg = Debug|Any CPU
		{D745497C-AFF4-4147-A523-76CD6B943885}.Debug|Any CPU.Build.0 = Debug|Any CPU
		{D745497C-AFF4-4147-A523-76CD6B943885}.Release|Any CPU.ActiveCfg = Release|Any CPU
		{D745497C-AFF4-4147-A523-76CD6B943885}.Release|Any CPU.Build.0 = Release|Any CPU
	EndGlobalSection
	GlobalSection(SolutionProperties) = preSolution
		HideSolutionNode = FALSE
	EndGlobalSection
	GlobalSection(ExtensibilityGlobals) = postSolution
		SolutionGuid = {19C0C9EE-7B58-42DA-8F48-CEDF2719F120}
	EndGlobalSection
EndGlobal
